Microsoft Visual Studio Solution File, Format Version 12.00
# Visual Studio Version 17
VisualStudioVersion = 17.5.2.0
MinimumVisualStudioVersion = 10.0.40219.1
Project("{FAE04EC0-301F-11D3-BF4B-00C04F79EFBC}") = "SkyBooker.Passenger.API", "SkyBooker.Passenger.API.csproj", "{87F6D95C-81B2-06C0-7121-215B2539EFA9}"
EndProject
Global
	GlobalSection(SolutionConfigurationPlatforms) = preSolution
		Debug|Any CPU = Debug|Any CPU
		Release|Any CPU = Release|Any CPU
	EndGlobalSection
	GlobalSection(ProjectConfigurationPlatforms) = postSolution
		{87F6D95C-81B2-06C0-7121-215B2539EFA9}.Debug|Any CPU.ActiveCfg = Debug|Any CPU
		{87F6D95C-81B2-06C0-7121-215B2539EFA9}.Debug|Any CPU.Build.0 = Debug|Any CPU
		{87F6D95C-81B2-06C0-7121-215B2539EFA9}.Release|Any CPU.ActiveCfg = Release|Any CPU
		{87F6D95C-81B2-06C0-7121-215B2539EFA9}.Release|Any CPU.Build.0 = Release|Any CPU
	EndGlobalSection
	GlobalSection(SolutionProperties) = preSolution
		HideSolutionNode = FALSE
	EndGlobalSection
	GlobalSection(ExtensibilityGlobals) = postSolution
		SolutionGuid = {7029591B-A3F7-44AB-A97B-63B3A9E2912C}
	EndGlobalSection
EndGlobal
